
Microsoft Visual Studio Solution File, Format Version 12.00
# Visual Studio Version 16
VisualStudioVersion = 16.0.31624.102
MinimumVisualStudioVersion = 10.0.40219.1
Project("{FAE04EC0-301F-11D3-BF4B-00C04F79EFBC}") = "libs6.2_Kolesnikov", "libs6.2_Kolesnikov\libs6.2_Kolesnikov.csproj", "{47AFEA2A-A565-4EA7-8FB9-007D77A77BB2}"
EndProject
Project("{FAE04EC0-301F-11D3-BF4B-00C04F79EFBC}") = "MyLib", "MyLib\MyLib.csproj", "{14FFDC20-089D-4A26-A254-B301F55246E9}"
EndProject
Global
	GlobalSection(SolutionConfigurationPlatforms) = preSolution
		Debug|Any CPU = Debug|Any CPU
		Release|Any CPU = Release|Any CPU
	EndGlobalSection
	GlobalSection(ProjectConfigurationPlatforms) = postSolution
		{47AFEA2A-A565-4EA7-8FB9-007D77A77BB2}.Debug|Any CPU.ActiveCfg = Debug|Any CPU
		{47AFEA2A-A565-4EA7-8FB9-007D77A77BB2}.Debug|Any CPU.Build.0 = Debug|Any CPU
		{47AFEA2A-A565-4EA7-8FB9-007D77A77BB2}.Release|Any CPU.ActiveCfg = Release|Any CPU
		{47AFEA2A-A565-4EA7-8FB9-007D77A77BB2}.Release|Any CPU.Build.0 = Release|Any CPU
		{14FFDC20-089D-4A26-A254-B301F55246E9}.Debug|Any CPU.ActiveCfg = Debug|Any CPU
		{14FFDC20-089D-4A26-A254-B301F55246E9}.Debug|Any CPU.Build.0 = Debug|Any CPU
		{14FFDC20-089D-4A26-A254-B301F55246E9}.Release|Any CPU.ActiveCfg = Release|Any CPU
		{14FFDC20-089D-4A26-A254-B301F55246E9}.Release|Any CPU.Build.0 = Release|Any CPU
	EndGlobalSection
	GlobalSection(SolutionProperties) = preSolution
		HideSolutionNode = FALSE
	EndGlobalSection
	GlobalSection(ExtensibilityGlobals) = postSolution
		SolutionGuid = {4A1889DB-BB13-44D2-A710-5679542B78E4}
	EndGlobalSection
EndGlobal
